{
  "version": 4,
  "terraform_version": "1.0.5",
  "serial": 26,
  "lineage": "aa6830fe-2ba1-c3b3-c78f-44058fd39ef5",
  "outputs": {},
  "resources": [
    {
      "mode": "managed",
      "type": "linode_domain",
      "name": "cam_example_domain",
      "provider": "provider[\"registry.terraform.io/linode/linode\"]",
      "instances": [
        {
          "schema_version": 0,
          "attributes": {
            "axfr_ips": null,
            "description": "",
            "domain": "camglegg.xyz",
            "expire_sec": 0,
            "group": "",
            "id": "1669813",
            "master_ips": null,
            "refresh_sec": 0,
            "retry_sec": 0,
            "soa_email": "cameron@stirlingwoodworks.com",
            "status": "active",
            "tags": null,
            "ttl_sec": 0,
            "type": "master"
          },
          "sensitive_attributes": [],
          "private": "bnVsbA=="
        }
      ]
    },
    {
      "mode": "managed",
      "type": "linode_domain_record",
      "name": "example_domain_record",
      "provider": "provider[\"registry.terraform.io/linode/linode\"]",
      "instances": [
        {
          "schema_version": 0,
          "attributes": {
            "domain_id": 1669813,
            "id": "18715117",
            "name": "",
            "port": 0,
            "priority": 0,
            "protocol": "",
            "record_type": "A",
            "service": "",
            "tag": "",
            "target": "172.105.17.124",
            "ttl_sec": 300,
            "weight": 0
          },
          "sensitive_attributes": [],
          "private": "bnVsbA==",
          "dependencies": [
            "linode_domain.cam_example_domain",
            "linode_instance.icehrm"
          ]
        }
      ]
    },
    {
      "mode": "managed",
      "type": "linode_firewall",
      "name": "icehrm_firewall",
      "provider": "provider[\"registry.terraform.io/linode/linode\"]",
      "instances": [
        {
          "schema_version": 0,
          "attributes": {
            "devices": [
              {
                "entity_id": 29536829,
                "id": 37562,
                "label": "icehrm_terraform",
                "type": "linode",
                "url": "/v4/linode/instances/29536829"
              }
            ],
            "disabled": false,
            "id": "19791",
            "inbound": [
              {
                "action": "ACCEPT",
                "ipv4": [
                  "0.0.0.0/0"
                ],
                "ipv6": [
                  "ff00::/8"
                ],
                "label": "allow-http",
                "ports": "80",
                "protocol": "TCP"
              }
            ],
            "inbound_policy": "DROP",
            "label": "icehrm_firewall_label",
            "linodes": [
              29536829
            ],
            "outbound": [],
            "outbound_policy": "ACCEPT",
            "status": "enabled",
            "tags": null
          },
          "sensitive_attributes": [],
          "private": "bnVsbA==",
          "dependencies": [
            "linode_instance.icehrm"
          ]
        }
      ]
    },
    {
      "mode": "managed",
      "type": "linode_instance",
      "name": "icehrm",
      "provider": "provider[\"registry.terraform.io/linode/linode\"]",
      "instances": [
        {
          "schema_version": 0,
          "attributes": {
            "alerts": [
              {
                "cpu": 90,
                "io": 10000,
                "network_in": 10,
                "network_out": 10,
                "transfer_quota": 80
              }
            ],
            "authorized_keys": null,
            "authorized_users": null,
            "backup_id": null,
            "backups": [
              {
                "enabled": false,
                "schedule": [
                  {
                    "day": "",
                    "window": ""
                  }
                ]
              }
            ],
            "backups_enabled": false,
            "boot_config_label": "My Debian 9 Disk Profile",
            "config": [
              {
                "comments": "",
                "devices": [
                  {
                    "sda": [
                      {
                        "disk_id": 59646951,
                        "disk_label": "Debian 9 Disk",
                        "volume_id": 0
                      }
                    ],
                    "sdb": [
                      {
                        "disk_id": 59646952,
                        "disk_label": "512 MB Swap Image",
                        "volume_id": 0
                      }
                    ],
                    "sdc": [],
                    "sdd": [],
                    "sde": [],
                    "sdf": [],
                    "sdg": [],
                    "sdh": []
                  }
                ],
                "helpers": [
                  {
                    "devtmpfs_automount": true,
                    "distro": true,
                    "modules_dep": true,
                    "network": true,
                    "updatedb_disabled": true
                  }
                ],
                "interface": [],
                "kernel": "linode/grub2",
                "label": "My Debian 9 Disk Profile",
                "memory_limit": 0,
                "root_device": "/dev/sda",
                "run_level": "default",
                "virt_mode": "paravirt"
              }
            ],
            "disk": [
              {
                "authorized_keys": [],
                "authorized_users": [],
                "filesystem": "ext4",
                "id": 59646951,
                "image": "",
                "label": "Debian 9 Disk",
                "read_only": false,
                "root_pass": "",
                "size": 50688,
                "stackscript_data": {},
                "stackscript_id": 0
              },
              {
                "authorized_keys": [],
                "authorized_users": [],
                "filesystem": "swap",
                "id": 59646952,
                "image": "",
                "label": "512 MB Swap Image",
                "read_only": false,
                "root_pass": "",
                "size": 512,
                "stackscript_data": {},
                "stackscript_id": 0
              }
            ],
            "group": "",
            "id": "29536829",
            "image": "linode/debian9",
            "interface": [],
            "ip_address": "172.105.17.124",
            "ipv4": [
              "172.105.17.124"
            ],
            "ipv6": "2600:3c04::f03c:92ff:fe19:6e6c/128",
            "label": "icehrm_terraform",
            "private_ip": false,
            "private_ip_address": null,
            "region": "ca-central",
            "root_pass": "Xq/kB4QB4dLwQGxhd/d6Zs8kn3lOw3HLHvCySd7Y6VUIBPNv568NhDW2d2nL4a26aKkc/NV8+lAFs8reT5RF9A==",
            "specs": [
              {
                "disk": 51200,
                "memory": 2048,
                "transfer": 2000,
                "vcpus": 1
              }
            ],
            "stackscript_data": null,
            "stackscript_id": null,
            "status": "running",
            "swap_size": 512,
            "tags": null,
            "timeouts": null,
            "type": "g6-standard-1",
            "watchdog_enabled": true
          },
          "sensitive_attributes": [],
          "private": "eyJlMmJmYjczMC1lY2FhLTExZTYtOGY4OC0zNDM2M2JjN2M0YzAiOnsiY3JlYXRlIjo2MDAwMDAwMDAwMDAsImRlbGV0ZSI6NjAwMDAwMDAwMDAwLCJ1cGRhdGUiOjEyMDAwMDAwMDAwMDB9fQ=="
        }
      ]
    }
  ]
}
